
Microsoft Visual Studio Solution File, Format Version 12.00
# Visual Studio Version 16
VisualStudioVersion = 16.0.30011.22
MinimumVisualStudioVersion = 10.0.40219.1
Project("{FAE04EC0-301F-11D3-BF4B-00C04F79EFBC}") = "ClashOfSnakes", "ClashOfSnakes\ClashOfSnakes.csproj", "{FA487A1E-F4C6-4F6D-A78F-A3BD73DEEEBD}"
EndProject
Global
	GlobalSection(SolutionConfigurationPlatforms) = preSolution
		Debug|Any CPU = Debug|Any CPU
		Release|Any CPU = Release|Any CPU
	EndGlobalSection
	GlobalSection(ProjectConfigurationPlatforms) = postSolution
		{FA487A1E-F4C6-4F6D-A78F-A3BD73DEEEBD}.Debug|Any CPU.ActiveCfg = Debug|Any CPU
		{FA487A1E-F4C6-4F6D-A78F-A3BD73DEEEBD}.Debug|Any CPU.Build.0 = Debug|Any CPU
		{FA487A1E-F4C6-4F6D-A78F-A3BD73DEEEBD}.Release|Any CPU.ActiveCfg = Release|Any CPU
		{FA487A1E-F4C6-4F6D-A78F-A3BD73DEEEBD}.Release|Any CPU.Build.0 = Release|Any CPU
	EndGlobalSection
	GlobalSection(SolutionProperties) = preSolution
		HideSolutionNode = FALSE
	EndGlobalSection
	GlobalSection(ExtensibilityGlobals) = postSolution
		SolutionGuid = {A2932939-0826-4865-A670-4F69D4CEF9EE}
	EndGlobalSection
EndGlobal
